Microsoft Visual Studio Solution File, Format Version 12.00
# Visual Studio Version 17
VisualStudioVersion = 17.7.34031.279
MinimumVisualStudioVersion = 10.0.40219.1
Project("{9A19103F-16F7-4668-BE54-9A1E7A4F7556}") = "RssReader", "RssReader\RssReader.csproj", "{8D2E3F7D-9C4D-4A84-8B0F-B9B56BE6C38C}"
EndProject
Global
	GlobalSection(SolutionConfigurationPlatforms) = preSolution
		Debug|Any CPU = Debug|Any CPU
		Release|Any CPU = Release|Any CPU
	EndGlobalSection
	GlobalSection(ProjectConfigurationPlatforms) = postSolution
		{8D2E3F7D-9C4D-4A84-8B0F-B9B56BE6C38C}.Debug|Any CPU.ActiveCfg = Debug|Any CPU
		{8D2E3F7D-9C4D-4A84-8B0F-B9B56BE6C38C}.Debug|Any CPU.Build.0 = Debug|Any CPU
		{8D2E3F7D-9C4D-4A84-8B0F-B9B56BE6C38C}.Release|Any CPU.ActiveCfg = Release|Any CPU
		{8D2E3F7D-9C4D-4A84-8B0F-B9B56BE6C38C}.Release|Any CPU.Build.0 = Release|Any CPU
	EndGlobalSection
	GlobalSection(SolutionProperties) = preSolution
		HideSolutionNode = FALSE
	EndGlobalSection
	GlobalSection(ExtensibilityGlobals) = postSolution
		SolutionGuid = {D3F2B7C8-E4A5-48F6-B8F1-7A3DF9E6DA43}
	EndGlobalSection
EndGlobal